
Microsoft Visual Studio Solution File, Format Version 12.00
# Visual Studio Version 17
VisualStudioVersion = 17.5.002.0
MinimumVisualStudioVersion = 10.0.40219.1
Project("{9A19103F-16F7-4668-BE54-9A1E7A4F7556}") = "Debug101", "Debug101.csproj", "{FD55241B-1A4A-4CEA-9EB9-A5DD4783D098}"
EndProject
Global
	GlobalSection(SolutionConfigurationPlatforms) = preSolution
		Debug|Any CPU = Debug|Any CPU
		Release|Any CPU = Release|Any CPU
	EndGlobalSection
	GlobalSection(ProjectConfigurationPlatforms) = postSolution
		{FD55241B-1A4A-4CEA-9EB9-A5DD4783D098}.Debug|Any CPU.ActiveCfg = Debug|Any CPU
		{FD55241B-1A4A-4CEA-9EB9-A5DD4783D098}.Debug|Any CPU.Build.0 = Debug|Any CPU
		{FD55241B-1A4A-4CEA-9EB9-A5DD4783D098}.Release|Any CPU.ActiveCfg = Release|Any CPU
		{FD55241B-1A4A-4CEA-9EB9-A5DD4783D098}.Release|Any CPU.Build.0 = Release|Any CPU
	EndGlobalSection
	GlobalSection(SolutionProperties) = preSolution
		HideSolutionNode = FALSE
	EndGlobalSection
	GlobalSection(ExtensibilityGlobals) = postSolution
		SolutionGuid = {F22C782D-2A69-433B-B3F3-69EE62B96DF8}
	EndGlobalSection
EndGlobal
